
Microsoft Visual Studio Solution File, Format Version 12.00
# Visual Studio 15
VisualStudioVersion = 15.0.27703.2047
MinimumVisualStudioVersion = 10.0.40219.1
Project("{FAE04EC0-301F-11D3-BF4B-00C04F79EFBC}") = "Sales.Android", "Sales\Sales.Android\Sales.Android.csproj", "{2042F13E-974C-41B6-9D0D-2E297298FE13}"
EndProject
Project("{FAE04EC0-301F-11D3-BF4B-00C04F79EFBC}") = "Sales.iOS", "Sales\Sales.iOS\Sales.iOS.csproj", "{539C0566-C2C4-4CE6-B810-780745583CC6}"
EndProject
Project("{FAE04EC0-301F-11D3-BF4B-00C04F79EFBC}") = "Sales.UWP", "Sales\Sales.UWP\Sales.UWP.csproj", "{1CFE97BE-5CF6-405C-A2C9-DB13B41BC4A5}"
EndProject
Project("{FAE04EC0-301F-11D3-BF4B-00C04F79EFBC}") = "Sales", "Sales\Sales\Sales.csproj", "{22291F87-4CE8-45FF-BFEE-1B1739FBF371}"
EndProject
Project("{FAE04EC0-301F-11D3-BF4B-00C04F79EFBC}") = "Sales.Backend", "Sales.Backend\Sales.Backend.csproj", "{0861C1BC-85FE-49DB-AE65-497E15E8E8C3}"
EndProject
Project("{FAE04EC0-301F-11D3-BF4B-00C04F79EFBC}") = "Sales.API", "Sales.API\Sales.API.csproj", "{2EF97538-A4EF-45D9-BFE1-D44A187373D1}"
EndProject
Project("{FAE04EC0-301F-11D3-BF4B-00C04F79EFBC}") = "Sales.Domain", "Sales.Domain\Sales.Domain.csproj", "{8FAF46F8-D944-4309-B918-AABAE82E00C0}"
EndProject
Project("{FAE04EC0-301F-11D3-BF4B-00C04F79EFBC}") = "Sales.Common", "Sales.Common\Sales.Common.csproj", "{BF0569D0-E39C-4310-B711-AA96801F2B5F}"
EndProject
Global
	GlobalSection(SolutionConfigurationPlatforms) = preSolution
		Ad-Hoc|Any CPU = Ad-Hoc|Any CPU
		Ad-Hoc|ARM = Ad-Hoc|ARM
		Ad-Hoc|iPhone = Ad-Hoc|iPhone
		Ad-Hoc|iPhoneSimulator = Ad-Hoc|iPhoneSimulator
		Ad-Hoc|x64 = Ad-Hoc|x64
		Ad-Hoc|x86 = Ad-Hoc|x86
		AppStore|Any CPU = AppStore|Any CPU
		AppStore|ARM = AppStore|ARM
		AppStore|iPhone = AppStore|iPhone
		AppStore|iPhoneSimulator = AppStore|iPhoneSimulator
		AppStore|x64 = AppStore|x64
		AppStore|x86 = AppStore|x86
		Debug|Any CPU = Debug|Any CPU
		Debug|ARM = Debug|ARM
		Debug|iPhone = Debug|iPhone
		Debug|iPhoneSimulator = Debug|iPhoneSimulator
		Debug|x64 = Debug|x64
		Debug|x86 = Debug|x86
		Release|Any CPU = Release|Any CPU
		Release|ARM = Release|ARM
		Release|iPhone = Release|iPhone
		Release|iPhoneSimulator = Release|iPhoneSimulator
		Release|x64 = Release|x64
		Release|x86 = Release|x86
	EndGlobalSection
	GlobalSection(ProjectConfigurationPlatforms) = postSolution
		{2042F13E-974C-41B6-9D0D-2E297298FE13}.Ad-Hoc|Any CPU.ActiveCfg = Release|Any CPU
		{2042F13E-974C-41B6-9D0D-2E297298FE13}.Ad-Hoc|Any CPU.Build.0 = Release|Any CPU
		{2042F13E-974C-41B6-9D0D-2E297298FE13}.Ad-Hoc|Any CPU.Deploy.0 = Release|Any CPU
		{2042F13E-974C-41B6-9D0D-2E297298FE13}.Ad-Hoc|ARM.ActiveCfg = Release|Any CPU
		{2042F13E-974C-41B6-9D0D-2E297298FE13}.Ad-Hoc|ARM.Build.0 = Release|Any CPU
		{2042F13E-974C-41B6-9D0D-2E297298FE13}.Ad-Hoc|ARM.Deploy.0 = Release|Any CPU
		{2042F13E-974C-41B6-9D0D-2E297298FE13}.Ad-Hoc|iPhone.ActiveCfg = Release|Any CPU
		{2042F13E-974C-41B6-9D0D-2E297298FE13}.Ad-Hoc|iPhone.Build.0 = Release|Any CPU
		{2042F13E-974C-41B6-9D0D-2E297298FE13}.Ad-Hoc|iPhone.Deploy.0 = Release|Any CPU
		{2042F13E-974C-41B6-9D0D-2E297298FE13}.Ad-Hoc|iPhoneSimulator.ActiveCfg = Release|Any CPU
		{2042F13E-974C-41B6-9D0D-2E297298FE13}.Ad-Hoc|iPhoneSimulator.Build.0 = Release|Any CPU
		{2042F13E-974C-41B6-9D0D-2E297298FE13}.Ad-Hoc|iPhoneSimulator.Deploy.0 = Release|Any CPU
		{2042F13E-974C-41B6-9D0D-2E297298FE13}.Ad-Hoc|x64.ActiveCfg = Release|Any CPU
		{2042F13E-974C-41B6-9D0D-2E297298FE13}.Ad-Hoc|x64.Build.0 = Release|Any CPU
		{2042F13E-974C-41B6-9D0D-2E297298FE13}.Ad-Hoc|x64.Deploy.0 = Release|Any CPU
		{2042F13E-974C-41B6-9D0D-2E297298FE13}.Ad-Hoc|x86.ActiveCfg = Release|Any CPU
		{2042F13E-974C-41B6-9D0D-2E297298FE13}.Ad-Hoc|x86.Build.0 = Release|Any CPU
		{2042F13E-974C-41B6-9D0D-2E297298FE13}.Ad-Hoc|x86.Deploy.0 = Release|Any CPU
		{2042F13E-974C-41B6-9D0D-2E297298FE13}.AppStore|Any CPU.ActiveCfg = Release|Any CPU
		{2042F13E-974C-41B6-9D0D-2E297298FE13}.AppStore|Any CPU.Build.0 = Release|Any CPU
		{2042F13E-974C-41B6-9D0D-2E297298FE13}.AppStore|Any CPU.Deploy.0 = Release|Any CPU
		{2042F13E-974C-41B6-9D0D-2E297298FE13}.AppStore|ARM.ActiveCfg = Release|Any CPU
		{2042F13E-974C-41B6-9D0D-2E297298FE13}.AppStore|ARM.Build.0 = Release|Any CPU
		{2042F13E-974C-41B6-9D0D-2E297298FE13}.AppStore|ARM.Deploy.0 = Release|Any CPU
		{2042F13E-974C-41B6-9D0D-2E297298FE13}.AppStore|iPhone.ActiveCfg = Release|Any CPU
		{2042F13E-974C-41B6-9D0D-2E297298FE13}.AppStore|iPhone.Build.0 = Release|Any CPU
		{2042F13E-974C-41B6-9D0D-2E297298FE13}.AppStore|iPhone.Deploy.0 = Release|Any CPU
		{2042F13E-974C-41B6-9D0D-2E297298FE13}.AppStore|iPhoneSimulator.ActiveCfg = Release|Any CPU
		{2042F13E-974C-41B6-9D0D-2E297298FE13}.AppStore|iPhoneSimulator.Build.0 = Release|Any CPU
		{2042F13E-974C-41B6-9D0D-2E297298FE13}.AppStore|iPhoneSimulator.Deploy.0 = Release|Any CPU
		{2042F13E-974C-41B6-9D0D-2E297298FE13}.AppStore|x64.ActiveCfg = Release|Any CPU
		{2042F13E-974C-41B6-9D0D-2E297298FE13}.AppStore|x64.Build.0 = Release|Any CPU
		{2042F13E-974C-41B6-9D0D-2E297298FE13}.AppStore|x64.Deploy.0 = Release|Any CPU
		{2042F13E-974C-41B6-9D0D-2E297298FE13}.AppStore|x86.ActiveCfg = Release|Any CPU
		{2042F13E-974C-41B6-9D0D-2E297298FE13}.AppStore|x86.Build.0 = Release|Any CPU
		{2042F13E-974C-41B6-9D0D-2E297298FE13}.AppStore|x86.Deploy.0 = Release|Any CPU
		{2042F13E-974C-41B6-9D0D-2E297298FE13}.Debug|Any CPU.ActiveCfg = Debug|Any CPU
		{2042F13E-974C-41B6-9D0D-2E297298FE13}.Debug|Any CPU.Build.0 = Debug|Any CPU
		{2042F13E-974C-41B6-9D0D-2E297298FE13}.Debug|Any CPU.Deploy.0 = Debug|Any CPU
		{2042F13E-974C-41B6-9D0D-2E297298FE13}.Debug|ARM.ActiveCfg = Debug|Any CPU
		{2042F13E-974C-41B6-9D0D-2E297298FE13}.Debug|ARM.Build.0 = Debug|Any CPU
		{2042F13E-974C-41B6-9D0D-2E297298FE13}.Debug|ARM.Deploy.0 = Debug|Any CPU
		{2042F13E-974C-41B6-9D0D-2E297298FE13}.Debug|iPhone.ActiveCfg = Debug|Any CPU
		{2042F13E-974C-41B6-9D0D-2E297298FE13}.Debug|iPhone.Build.0 = Debug|Any CPU
		{2042F13E-974C-41B6-9D0D-2E297298FE13}.Debug|iPhone.Deploy.0 = Debug|Any CPU
		{2042F13E-974C-41B6-9D0D-2E297298FE13}.Debug|iPhoneSimulator.ActiveCfg = Debug|Any CPU
		{2042F13E-974C-41B6-9D0D-2E297298FE13}.Debug|iPhoneSimulator.Build.0 = Debug|Any CPU
		{2042F13E-974C-41B6-9D0D-2E297298FE13}.Debug|iPhoneSimulator.Deploy.0 = Debug|Any CPU
		{2042F13E-974C-41B6-9D0D-2E297298FE13}.Debug|x64.ActiveCfg = Debug|Any CPU
		{2042F13E-974C-41B6-9D0D-2E297298FE13}.Debug|x64.Build.0 = Debug|Any CPU
		{2042F13E-974C-41B6-9D0D-2E297298FE13}.Debug|x64.Deploy.0 = Debug|Any CPU
		{2042F13E-974C-41B6-9D0D-2E297298FE13}.Debug|x86.ActiveCfg = Debug|Any CPU
		{2042F13E-974C-41B6-9D0D-2E297298FE13}.Debug|x86.Build.0 = Debug|Any CPU
		{2042F13E-974C-41B6-9D0D-2E297298FE13}.Debug|x86.Deploy.0 = Debug|Any CPU
		{2042F13E-974C-41B6-9D0D-2E297298FE13}.Release|Any CPU.ActiveCfg = Release|Any CPU
		{2042F13E-974C-41B6-9D0D-2E297298FE13}.Release|Any CPU.Build.0 = Release|Any CPU
		{2042F13E-974C-41B6-9D0D-2E297298FE13}.Release|Any CPU.Deploy.0 = Release|Any CPU
		{2042F13E-974C-41B6-9D0D-2E297298FE13}.Release|ARM.ActiveCfg = Release|Any CPU
		{2042F13E-974C-41B6-9D0D-2E297298FE13}.Release|ARM.Build.0 = Release|Any CPU
		{2042F13E-974C-41B6-9D0D-2E297298FE13}.Release|ARM.Deploy.0 = Release|Any CPU
		{2042F13E-974C-41B6-9D0D-2E297298FE13}.Release|iPhone.ActiveCfg = Release|Any CPU
		{2042F13E-974C-41B6-9D0D-2E297298FE13}.Release|iPhone.Build.0 = Release|Any CPU
		{2042F13E-974C-41B6-9D0D-2E297298FE13}.Release|iPhone.Deploy.0 = Release|Any CPU
		{2042F13E-974C-41B6-9D0D-2E297298FE13}.Release|iPhoneSimulator.ActiveCfg = Release|Any CPU
		{2042F13E-974C-41B6-9D0D-2E297298FE13}.Release|iPhoneSimulator.Build.0 = Release|Any CPU
		{2042F13E-974C-41B6-9D0D-2E297298FE13}.Release|iPhoneSimulator.Deploy.0 = Release|Any CPU
		{2042F13E-974C-41B6-9D0D-2E297298FE13}.Release|x64.ActiveCfg = Release|Any CPU
		{2042F13E-974C-41B6-9D0D-2E297298FE13}.Release|x64.Build.0 = Release|Any CPU
		{2042F13E-974C-41B6-9D0D-2E297298FE13}.Release|x64.Deploy.0 = Release|Any CPU
		{2042F13E-974C-41B6-9D0D-2E297298FE13}.Release|x86.ActiveCfg = Release|Any CPU
		{2042F13E-974C-41B6-9D0D-2E297298FE13}.Release|x86.Build.0 = Release|Any CPU
		{2042F13E-974C-41B6-9D0D-2E297298FE13}.Release|x86.Deploy.0 = Release|Any CPU
		{539C0566-C2C4-4CE6-B810-780745583CC6}.Ad-Hoc|Any CPU.ActiveCfg = Ad-Hoc|iPhone
		{539C0566-C2C4-4CE6-B810-780745583CC6}.Ad-Hoc|Any CPU.Build.0 = Ad-Hoc|iPhone
		{539C0566-C2C4-4CE6-B810-780745583CC6}.Ad-Hoc|Any CPU.Deploy.0 = Ad-Hoc|iPhone
		{539C0566-C2C4-4CE6-B810-780745583CC6}.Ad-Hoc|ARM.ActiveCfg = Ad-Hoc|iPhone
		{539C0566-C2C4-4CE6-B810-780745583CC6}.Ad-Hoc|ARM.Build.0 = Ad-Hoc|iPhone
		{539C0566-C2C4-4CE6-B810-780745583CC6}.Ad-Hoc|ARM.Deploy.0 = Ad-Hoc|iPhone
		{539C0566-C2C4-4CE6-B810-780745583CC6}.Ad-Hoc|iPhone.ActiveCfg = Ad-Hoc|iPhone
		{539C0566-C2C4-4CE6-B810-780745583CC6}.Ad-Hoc|iPhone.Build.0 = Ad-Hoc|iPhone
		{539C0566-C2C4-4CE6-B810-780745583CC6}.Ad-Hoc|iPhone.Deploy.0 = Ad-Hoc|iPhone
		{539C0566-C2C4-4CE6-B810-780745583CC6}.Ad-Hoc|iPhoneSimulator.ActiveCfg = Ad-Hoc|iPhoneSimulator
		{539C0566-C2C4-4CE6-B810-780745583CC6}.Ad-Hoc|iPhoneSimulator.Build.0 = Ad-Hoc|iPhoneSimulator
		{539C0566-C2C4-4CE6-B810-780745583CC6}.Ad-Hoc|iPhoneSimulator.Deploy.0 = Ad-Hoc|iPhoneSimulator
		{539C0566-C2C4-4CE6-B810-780745583CC6}.Ad-Hoc|x64.ActiveCfg = Ad-Hoc|iPhone
		{539C0566-C2C4-4CE6-B810-780745583CC6}.Ad-Hoc|x64.Build.0 = Ad-Hoc|iPhone
		{539C0566-C2C4-4CE6-B810-780745583CC6}.Ad-Hoc|x64.Deploy.0 = Ad-Hoc|iPhone
		{539C0566-C2C4-4CE6-B810-780745583CC6}.Ad-Hoc|x86.ActiveCfg = Ad-Hoc|iPhone
		{539C0566-C2C4-4CE6-B810-780745583CC6}.Ad-Hoc|x86.Build.0 = Ad-Hoc|iPhone
		{539C0566-C2C4-4CE6-B810-780745583CC6}.Ad-Hoc|x86.Deploy.0 = Ad-Hoc|iPhone
		{539C0566-C2C4-4CE6-B810-780745583CC6}.AppStore|Any CPU.ActiveCfg = AppStore|iPhone
		{539C0566-C2C4-4CE6-B810-780745583CC6}.AppStore|Any CPU.Build.0 = AppStore|iPhone
		{539C0566-C2C4-4CE6-B810-780745583CC6}.AppStore|Any CPU.Deploy.0 = AppStore|iPhone
		{539C0566-C2C4-4CE6-B810-780745583CC6}.AppStore|ARM.ActiveCfg = AppStore|iPhone
		{539C0566-C2C4-4CE6-B810-780745583CC6}.AppStore|ARM.Build.0 = AppStore|iPhone
		{539C0566-C2C4-4CE6-B810-780745583CC6}.AppStore|ARM.Deploy.0 = AppStore|iPhone
		{539C0566-C2C4-4CE6-B810-780745583CC6}.AppStore|iPhone.ActiveCfg = AppStore|iPhone
		{539C0566-C2C4-4CE6-B810-780745583CC6}.AppStore|iPhone.Build.0 = AppStore|iPhone
		{539C0566-C2C4-4CE6-B810-780745583CC6}.AppStore|iPhone.Deploy.0 = AppStore|iPhone
		{539C0566-C2C4-4CE6-B810-780745583CC6}.AppStore|iPhoneSimulator.ActiveCfg = AppStore|iPhoneSimulator
		{539C0566-C2C4-4CE6-B810-780745583CC6}.AppStore|iPhoneSimulator.Build.0 = AppStore|iPhoneSimulator
		{539C0566-C2C4-4CE6-B810-780745583CC6}.AppStore|iPhoneSimulator.Deploy.0 = AppStore|iPhoneSimulator
		{539C0566-C2C4-4CE6-B810-780745583CC6}.AppStore|x64.ActiveCfg = AppStore|iPhone
		{539C0566-C2C4-4CE6-B810-780745583CC6}.AppStore|x64.Build.0 = AppStore|iPhone
		{539C0566-C2C4-4CE6-B810-780745583CC6}.AppStore|x64.Deploy.0 = AppStore|iPhone
		{539C0566-C2C4-4CE6-B810-780745583CC6}.AppStore|x86.ActiveCfg = AppStore|iPhone
		{539C0566-C2C4-4CE6-B810-780745583CC6}.AppStore|x86.Build.0 = AppStore|iPhone
		{539C0566-C2C4-4CE6-B810-780745583CC6}.AppStore|x86.Deploy.0 = AppStore|iPhone
		{539C0566-C2C4-4CE6-B810-780745583CC6}.Debug|Any CPU.ActiveCfg = Debug|iPhoneSimulator
		{539C0566-C2C4-4CE6-B810-780745583CC6}.Debug|Any CPU.Build.0 = Debug|iPhoneSimulator
		{539C0566-C2C4-4CE6-B810-780745583CC6}.Debug|Any CPU.Deploy.0 = Debug|iPhoneSimulator
		{539C0566-C2C4-4CE6-B810-780745583CC6}.Debug|ARM.ActiveCfg = Debug|iPhone
		{539C0566-C2C4-4CE6-B810-780745583CC6}.Debug|ARM.Build.0 = Debug|iPhone
		{539C0566-C2C4-4CE6-B810-780745583CC6}.Debug|ARM.Deploy.0 = Debug|iPhone
		{539C0566-C2C4-4CE6-B810-780745583CC6}.Debug|iPhone.ActiveCfg = Debug|iPhone
		{539C0566-C2C4-4CE6-B810-780745583CC6}.Debug|iPhone.Build.0 = Debug|iPhone
		{539C0566-C2C4-4CE6-B810-780745583CC6}.Debug|iPhone.Deploy.0 = Debug|iPhone
		{539C0566-C2C4-4CE6-B810-780745583CC6}.Debug|iPhoneSimulator.ActiveCfg = Debug|iPhoneSimulator
		{539C0566-C2C4-4CE6-B810-780745583CC6}.Debug|iPhoneSimulator.Build.0 = Debug|iPhoneSimulator
		{539C0566-C2C4-4CE6-B810-780745583CC6}.Debug|iPhoneSimulator.Deploy.0 = Debug|iPhoneSimulator
		{539C0566-C2C4-4CE6-B810-780745583CC6}.Debug|x64.ActiveCfg = Debug|iPhone
		{539C0566-C2C4-4CE6-B810-780745583CC6}.Debug|x64.Build.0 = Debug|iPhone
		{539C0566-C2C4-4CE6-B810-780745583CC6}.Debug|x64.Deploy.0 = Debug|iPhone
		{539C0566-C2C4-4CE6-B810-780745583CC6}.Debug|x86.ActiveCfg = Debug|iPhone
		{539C0566-C2C4-4CE6-B810-780745583CC6}.Debug|x86.Build.0 = Debug|iPhone
		{539C0566-C2C4-4CE6-B810-780745583CC6}.Debug|x86.Deploy.0 = Debug|iPhone
		{539C0566-C2C4-4CE6-B810-780745583CC6}.Release|Any CPU.ActiveCfg = Release|iPhone
		{539C0566-C2C4-4CE6-B810-780745583CC6}.Release|Any CPU.Build.0 = Release|iPhone
		{539C0566-C2C4-4CE6-B810-780745583CC6}.Release|Any CPU.Deploy.0 = Release|iPhone
		{539C0566-C2C4-4CE6-B810-780745583CC6}.Release|ARM.ActiveCfg = Release|iPhone
		{539C0566-C2C4-4CE6-B810-780745583CC6}.Release|ARM.Build.0 = Release|iPhone
		{539C0566-C2C4-4CE6-B810-780745583CC6}.Release|ARM.Deploy.0 = Release|iPhone
		{539C0566-C2C4-4CE6-B810-780745583CC6}.Release|iPhone.ActiveCfg = Release|iPhone
		{539C0566-C2C4-4CE6-B810-780745583CC6}.Release|iPhone.Build.0 = Release|iPhone
		{539C0566-C2C4-4CE6-B810-780745583CC6}.Release|iPhone.Deploy.0 = Release|iPhone
		{539C0566-C2C4-4CE6-B810-780745583CC6}.Release|iPhoneSimulator.ActiveCfg = Release|iPhoneSimulator
		{539C0566-C2C4-4CE6-B810-780745583CC6}.Release|iPhoneSimulator.Build.0 = Release|iPhoneSimulator
		{539C0566-C2C4-4CE6-B810-780745583CC6}.Release|iPhoneSimulator.Deploy.0 = Release|iPhoneSimulator
		{539C0566-C2C4-4CE6-B810-780745583CC6}.Release|x64.ActiveCfg = Release|iPhone
		{539C0566-C2C4-4CE6-B810-780745583CC6}.Release|x64.Build.0 = Release|iPhone
		{539C0566-C2C4-4CE6-B810-780745583CC6}.Release|x64.Deploy.0 = Release|iPhone
		{539C0566-C2C4-4CE6-B810-780745583CC6}.Release|x86.ActiveCfg = Release|iPhone
		{539C0566-C2C4-4CE6-B810-780745583CC6}.Release|x86.Build.0 = Release|iPhone
		{539C0566-C2C4-4CE6-B810-780745583CC6}.Release|x86.Deploy.0 = Release|iPhone
		{1CFE97BE-5CF6-405C-A2C9-DB13B41BC4A5}.Ad-Hoc|Any CPU.ActiveCfg = Release|x86
		{1CFE97BE-5CF6-405C-A2C9-DB13B41BC4A5}.Ad-Hoc|Any CPU.Build.0 = Release|x86
		{1CFE97BE-5CF6-405C-A2C9-DB13B41BC4A5}.Ad-Hoc|Any CPU.Deploy.0 = Release|x86
		{1CFE97BE-5CF6-405C-A2C9-DB13B41BC4A5}.Ad-Hoc|ARM.ActiveCfg = Release|ARM
		{1CFE97BE-5CF6-405C-A2C9-DB13B41BC4A5}.Ad-Hoc|ARM.Build.0 = Release|ARM
		{1CFE97BE-5CF6-405C-A2C9-DB13B41BC4A5}.Ad-Hoc|ARM.Deploy.0 = Release|ARM
		{1CFE97BE-5CF6-405C-A2C9-DB13B41BC4A5}.Ad-Hoc|iPhone.ActiveCfg = Release|x86
		{1CFE97BE-5CF6-405C-A2C9-DB13B41BC4A5}.Ad-Hoc|iPhone.Build.0 = Release|x86
		{1CFE97BE-5CF6-405C-A2C9-DB13B41BC4A5}.Ad-Hoc|iPhone.Deploy.0 = Release|x86
		{1CFE97BE-5CF6-405C-A2C9-DB13B41BC4A5}.Ad-Hoc|iPhoneSimulator.ActiveCfg = Release|x86
		{1CFE97BE-5CF6-405C-A2C9-DB13B41BC4A5}.Ad-Hoc|iPhoneSimulator.Build.0 = Release|x86
		{1CFE97BE-5CF6-405C-A2C9-DB13B41BC4A5}.Ad-Hoc|iPhoneSimulator.Deploy.0 = Release|x86
		{1CFE97BE-5CF6-405C-A2C9-DB13B41BC4A5}.Ad-Hoc|x64.ActiveCfg = Release|x64
		{1CFE97BE-5CF6-405C-A2C9-DB13B41BC4A5}.Ad-Hoc|x64.Build.0 = Release|x64
		{1CFE97BE-5CF6-405C-A2C9-DB13B41BC4A5}.Ad-Hoc|x64.Deploy.0 = Release|x64
		{1CFE97BE-5CF6-405C-A2C9-DB13B41BC4A5}.Ad-Hoc|x86.ActiveCfg = Release|x86
		{1CFE97BE-5CF6-405C-A2C9-DB13B41BC4A5}.Ad-Hoc|x86.Build.0 = Release|x86
		{1CFE97BE-5CF6-405C-A2C9-DB13B41BC4A5}.Ad-Hoc|x86.Deploy.0 = Release|x86
		{1CFE97BE-5CF6-405C-A2C9-DB13B41BC4A5}.AppStore|Any CPU.ActiveCfg = Release|x86
		{1CFE97BE-5CF6-405C-A2C9-DB13B41BC4A5}.AppStore|Any CPU.Build.0 = Release|x86
		{1CFE97BE-5CF6-405C-A2C9-DB13B41BC4A5}.AppStore|Any CPU.Deploy.0 = Release|x86
		{1CFE97BE-5CF6-405C-A2C9-DB13B41BC4A5}.AppStore|ARM.ActiveCfg = Release|ARM
		{1CFE97BE-5CF6-405C-A2C9-DB13B41BC4A5}.AppStore|ARM.Build.0 = Release|ARM
		{1CFE97BE-5CF6-405C-A2C9-DB13B41BC4A5}.AppStore|ARM.Deploy.0 = Release|ARM
		{1CFE97BE-5CF6-405C-A2C9-DB13B41BC4A5}.AppStore|iPhone.ActiveCfg = Release|x86
		{1CFE97BE-5CF6-405C-A2C9-DB13B41BC4A5}.AppStore|iPhone.Build.0 = Release|x86
		{1CFE97BE-5CF6-405C-A2C9-DB13B41BC4A5}.AppStore|iPhone.Deploy.0 = Release|x86
		{1CFE97BE-5CF6-405C-A2C9-DB13B41BC4A5}.AppStore|iPhoneSimulator.ActiveCfg = Release|x86
		{1CFE97BE-5CF6-405C-A2C9-DB13B41BC4A5}.AppStore|iPhoneSimulator.Build.0 = Release|x86
		{1CFE97BE-5CF6-405C-A2C9-DB13B41BC4A5}.AppStore|iPhoneSimulator.Deploy.0 = Release|x86
		{1CFE97BE-5CF6-405C-A2C9-DB13B41BC4A5}.AppStore|x64.ActiveCfg = Release|x64
		{1CFE97BE-5CF6-405C-A2C9-DB13B41BC4A5}.AppStore|x64.Build.0 = Release|x64
		{1CFE97BE-5CF6-405C-A2C9-DB13B41BC4A5}.AppStore|x64.Deploy.0 = Release|x64
		{1CFE97BE-5CF6-405C-A2C9-DB13B41BC4A5}.AppStore|x86.ActiveCfg = Release|x86
		{1CFE97BE-5CF6-405C-A2C9-DB13B41BC4A5}.AppStore|x86.Build.0 = Release|x86
		{1CFE97BE-5CF6-405C-A2C9-DB13B41BC4A5}.AppStore|x86.Deploy.0 = Release|x86
		{1CFE97BE-5CF6-405C-A2C9-DB13B41BC4A5}.Debug|Any CPU.ActiveCfg = Debug|x86
		{1CFE97BE-5CF6-405C-A2C9-DB13B41BC4A5}.Debug|Any CPU.Build.0 = Debug|x86
		{1CFE97BE-5CF6-405C-A2C9-DB13B41BC4A5}.Debug|Any CPU.Deploy.0 = Debug|x86
		{1CFE97BE-5CF6-405C-A2C9-DB13B41BC4A5}.Debug|ARM.ActiveCfg = Debug|ARM
		{1CFE97BE-5CF6-405C-A2C9-DB13B41BC4A5}.Debug|ARM.Build.0 = Debug|ARM
		{1CFE97BE-5CF6-405C-A2C9-DB13B41BC4A5}.Debug|ARM.Deploy.0 = Debug|ARM
		{1CFE97BE-5CF6-405C-A2C9-DB13B41BC4A5}.Debug|iPhone.ActiveCfg = Debug|x86
		{1CFE97BE-5CF6-405C-A2C9-DB13B41BC4A5}.Debug|iPhone.Build.0 = Debug|x86
		{1CFE97BE-5CF6-405C-A2C9-DB13B41BC4A5}.Debug|iPhone.Deploy.0 = Debug|x86
		{1CFE97BE-5CF6-405C-A2C9-DB13B41BC4A5}.Debug|iPhoneSimulator.ActiveCfg = Debug|x86
		{1CFE97BE-5CF6-405C-A2C9-DB13B41BC4A5}.Debug|iPhoneSimulator.Build.0 = Debug|x86
		{1CFE97BE-5CF6-405C-A2C9-DB13B41BC4A5}.Debug|iPhoneSimulator.Deploy.0 = Debug|x86
		{1CFE97BE-5CF6-405C-A2C9-DB13B41BC4A5}.Debug|x64.ActiveCfg = Debug|x64
		{1CFE97BE-5CF6-405C-A2C9-DB13B41BC4A5}.Debug|x64.Build.0 = Debug|x64
		{1CFE97BE-5CF6-405C-A2C9-DB13B41BC4A5}.Debug|x64.Deploy.0 = Debug|x64
		{1CFE97BE-5CF6-405C-A2C9-DB13B41BC4A5}.Debug|x86.ActiveCfg = Debug|x86
		{1CFE97BE-5CF6-405C-A2C9-DB13B41BC4A5}.Debug|x86.Build.0 = Debug|x86
		{1CFE97BE-5CF6-405C-A2C9-DB13B41BC4A5}.Debug|x86.Deploy.0 = Debug|x86
		{1CFE97BE-5CF6-405C-A2C9-DB13B41BC4A5}.Release|Any CPU.ActiveCfg = Release|x86
		{1CFE97BE-5CF6-405C-A2C9-DB13B41BC4A5}.Release|Any CPU.Build.0 = Release|x86
		{1CFE97BE-5CF6-405C-A2C9-DB13B41BC4A5}.Release|Any CPU.Deploy.0 = Release|x86
		{1CFE97BE-5CF6-405C-A2C9-DB13B41BC4A5}.Release|ARM.ActiveCfg = Release|ARM
		{1CFE97BE-5CF6-405C-A2C9-DB13B41BC4A5}.Release|ARM.Build.0 = Release|ARM
		{1CFE97BE-5CF6-405C-A2C9-DB13B41BC4A5}.Release|ARM.Deploy.0 = Release|ARM
		{1CFE97BE-5CF6-405C-A2C9-DB13B41BC4A5}.Release|iPhone.ActiveCfg = Release|x86
		{1CFE97BE-5CF6-405C-A2C9-DB13B41BC4A5}.Release|iPhone.Build.0 = Release|x86
		{1CFE97BE-5CF6-405C-A2C9-DB13B41BC4A5}.Release|iPhone.Deploy.0 = Release|x86
		{1CFE97BE-5CF6-405C-A2C9-DB13B41BC4A5}.Release|iPhoneSimulator.ActiveCfg = Release|x86
		{1CFE97BE-5CF6-405C-A2C9-DB13B41BC4A5}.Release|iPhoneSimulator.Build.0 = Release|x86
		{1CFE97BE-5CF6-405C-A2C9-DB13B41BC4A5}.Release|iPhoneSimulator.Deploy.0 = Release|x86
		{1CFE97BE-5CF6-405C-A2C9-DB13B41BC4A5}.Release|x64.ActiveCfg = Release|x64
		{1CFE97BE-5CF6-405C-A2C9-DB13B41BC4A5}.Release|x64.Build.0 = Release|x64
		{1CFE97BE-5CF6-405C-A2C9-DB13B41BC4A5}.Release|x64.Deploy.0 = Release|x64
		{1CFE97BE-5CF6-405C-A2C9-DB13B41BC4A5}.Release|x86.ActiveCfg = Release|x86
		{1CFE97BE-5CF6-405C-A2C9-DB13B41BC4A5}.Release|x86.Build.0 = Release|x86
		{1CFE97BE-5CF6-405C-A2C9-DB13B41BC4A5}.Release|x86.Deploy.0 = Release|x86
		{22291F87-4CE8-45FF-BFEE-1B1739FBF371}.Ad-Hoc|Any CPU.ActiveCfg = Debug|Any CPU
		{22291F87-4CE8-45FF-BFEE-1B1739FBF371}.Ad-Hoc|Any CPU.Build.0 = Debug|Any CPU
		{22291F87-4CE8-45FF-BFEE-1B1739FBF371}.Ad-Hoc|Any CPU.Deploy.0 = Debug|Any CPU
		{22291F87-4CE8-45FF-BFEE-1B1739FBF371}.Ad-Hoc|ARM.ActiveCfg = Debug|Any CPU
		{22291F87-4CE8-45FF-BFEE-1B1739FBF371}.Ad-Hoc|ARM.Build.0 = Debug|Any CPU
		{22291F87-4CE8-45FF-BFEE-1B1739FBF371}.Ad-Hoc|ARM.Deploy.0 = Debug|Any CPU
		{22291F87-4CE8-45FF-BFEE-1B1739FBF371}.Ad-Hoc|iPhone.ActiveCfg = Debug|Any CPU
		{22291F87-4CE8-45FF-BFEE-1B1739FBF371}.Ad-Hoc|iPhone.Build.0 = Debug|Any CPU
		{22291F87-4CE8-45FF-BFEE-1B1739FBF371}.Ad-Hoc|iPhone.Deploy.0 = Debug|Any CPU
		{22291F87-4CE8-45FF-BFEE-1B1739FBF371}.Ad-Hoc|iPhoneSimulator.ActiveCfg = Debug|Any CPU
		{22291F87-4CE8-45FF-BFEE-1B1739FBF371}.Ad-Hoc|iPhoneSimulator.Build.0 = Debug|Any CPU
		{22291F87-4CE8-45FF-BFEE-1B1739FBF371}.Ad-Hoc|iPhoneSimulator.Deploy.0 = Debug|Any CPU
		{22291F87-4CE8-45FF-BFEE-1B1739FBF371}.Ad-Hoc|x64.ActiveCfg = Debug|Any CPU
		{22291F87-4CE8-45FF-BFEE-1B1739FBF371}.Ad-Hoc|x64.Build.0 = Debug|Any CPU
		{22291F87-4CE8-45FF-BFEE-1B1739FBF371}.Ad-Hoc|x64.Deploy.0 = Debug|Any CPU
		{22291F87-4CE8-45FF-BFEE-1B1739FBF371}.Ad-Hoc|x86.ActiveCfg = Debug|Any CPU
		{22291F87-4CE8-45FF-BFEE-1B1739FBF371}.Ad-Hoc|x86.Build.0 = Debug|Any CPU
		{22291F87-4CE8-45FF-BFEE-1B1739FBF371}.Ad-Hoc|x86.Deploy.0 = Debug|Any CPU
		{22291F87-4CE8-45FF-BFEE-1B1739FBF371}.AppStore|Any CPU.ActiveCfg = Debug|Any CPU
		{22291F87-4CE8-45FF-BFEE-1B1739FBF371}.AppStore|Any CPU.Build.0 = Debug|Any CPU
		{22291F87-4CE8-45FF-BFEE-1B1739FBF371}.AppStore|Any CPU.Deploy.0 = Debug|Any CPU
		{22291F87-4CE8-45FF-BFEE-1B1739FBF371}.AppStore|ARM.ActiveCfg = Debug|Any CPU
		{22291F87-4CE8-45FF-BFEE-1B1739FBF371}.AppStore|ARM.Build.0 = Debug|Any CPU
		{22291F87-4CE8-45FF-BFEE-1B1739FBF371}.AppStore|ARM.Deploy.0 = Debug|Any CPU
		{22291F87-4CE8-45FF-BFEE-1B1739FBF371}.AppStore|iPhone.ActiveCfg = Debug|Any CPU
		{22291F87-4CE8-45FF-BFEE-1B1739FBF371}.AppStore|iPhone.Build.0 = Debug|Any CPU
		{22291F87-4CE8-45FF-BFEE-1B1739FBF371}.AppStore|iPhone.Deploy.0 = Debug|Any CPU
		{22291F87-4CE8-45FF-BFEE-1B1739FBF371}.AppStore|iPhoneSimulator.ActiveCfg = Debug|Any CPU
		{22291F87-4CE8-45FF-BFEE-1B1739FBF371}.AppStore|iPhoneSimulator.Build.0 = Debug|Any CPU
		{22291F87-4CE8-45FF-BFEE-1B1739FBF371}.AppStore|iPhoneSimulator.Deploy.0 = Debug|Any CPU
		{22291F87-4CE8-45FF-BFEE-1B1739FBF371}.AppStore|x64.ActiveCfg = Debug|Any CPU
		{22291F87-4CE8-45FF-BFEE-1B1739FBF371}.AppStore|x64.Build.0 = Debug|Any CPU
		{22291F87-4CE8-45FF-BFEE-1B1739FBF371}.AppStore|x64.Deploy.0 = Debug|Any CPU
		{22291F87-4CE8-45FF-BFEE-1B1739FBF371}.AppStore|x86.ActiveCfg = Debug|Any CPU
		{22291F87-4CE8-45FF-BFEE-1B1739FBF371}.AppStore|x86.Build.0 = Debug|Any CPU
		{22291F87-4CE8-45FF-BFEE-1B1739FBF371}.AppStore|x86.Deploy.0 = Debug|Any CPU
		{22291F87-4CE8-45FF-BFEE-1B1739FBF371}.Debug|Any CPU.ActiveCfg = Debug|Any CPU
		{22291F87-4CE8-45FF-BFEE-1B1739FBF371}.Debug|Any CPU.Build.0 = Debug|Any CPU
		{22291F87-4CE8-45FF-BFEE-1B1739FBF371}.Debug|Any CPU.Deploy.0 = Debug|Any CPU
		{22291F87-4CE8-45FF-BFEE-1B1739FBF371}.Debug|ARM.ActiveCfg = Debug|Any CPU
		{22291F87-4CE8-45FF-BFEE-1B1739FBF371}.Debug|ARM.Build.0 = Debug|Any CPU
		{22291F87-4CE8-45FF-BFEE-1B1739FBF371}.Debug|ARM.Deploy.0 = Debug|Any CPU
		{22291F87-4CE8-45FF-BFEE-1B1739FBF371}.Debug|iPhone.ActiveCfg = Debug|Any CPU
		{22291F87-4CE8-45FF-BFEE-1B1739FBF371}.Debug|iPhone.Build.0 = Debug|Any CPU
		{22291F87-4CE8-45FF-BFEE-1B1739FBF371}.Debug|iPhone.Deploy.0 = Debug|Any CPU
		{22291F87-4CE8-45FF-BFEE-1B1739FBF371}.Debug|iPhoneSimulator.ActiveCfg = Debug|Any CPU
		{22291F87-4CE8-45FF-BFEE-1B1739FBF371}.Debug|iPhoneSimulator.Build.0 = Debug|Any CPU
		{22291F87-4CE8-45FF-BFEE-1B1739FBF371}.Debug|iPhoneSimulator.Deploy.0 = Debug|Any CPU
		{22291F87-4CE8-45FF-BFEE-1B1739FBF371}.Debug|x64.ActiveCfg = Debug|Any CPU
		{22291F87-4CE8-45FF-BFEE-1B1739FBF371}.Debug|x64.Build.0 = Debug|Any CPU
		{22291F87-4CE8-45FF-BFEE-1B1739FBF371}.Debug|x64.Deploy.0 = Debug|Any CPU
		{22291F87-4CE8-45FF-BFEE-1B1739FBF371}.Debug|x86.ActiveCfg = Debug|Any CPU
		{22291F87-4CE8-45FF-BFEE-1B1739FBF371}.Debug|x86.Build.0 = Debug|Any CPU
		{22291F87-4CE8-45FF-BFEE-1B1739FBF371}.Debug|x86.Deploy.0 = Debug|Any CPU
		{22291F87-4CE8-45FF-BFEE-1B1739FBF371}.Release|Any CPU.ActiveCfg = Release|Any CPU
		{22291F87-4CE8-45FF-BFEE-1B1739FBF371}.Release|Any CPU.Build.0 = Release|Any CPU
		{22291F87-4CE8-45FF-BFEE-1B1739FBF371}.Release|Any CPU.Deploy.0 = Release|Any CPU
		{22291F87-4CE8-45FF-BFEE-1B1739FBF371}.Release|ARM.ActiveCfg = Release|Any CPU
		{22291F87-4CE8-45FF-BFEE-1B1739FBF371}.Release|ARM.Build.0 = Release|Any CPU
		{22291F87-4CE8-45FF-BFEE-1B1739FBF371}.Release|ARM.Deploy.0 = Release|Any CPU
		{22291F87-4CE8-45FF-BFEE-1B1739FBF371}.Release|iPhone.ActiveCfg = Release|Any CPU
		{22291F87-4CE8-45FF-BFEE-1B1739FBF371}.Release|iPhone.Build.0 = Release|Any CPU
		{22291F87-4CE8-45FF-BFEE-1B1739FBF371}.Release|iPhone.Deploy.0 = Release|Any CPU
		{22291F87-4CE8-45FF-BFEE-1B1739FBF371}.Release|iPhoneSimulator.ActiveCfg = Release|Any CPU
		{22291F87-4CE8-45FF-BFEE-1B1739FBF371}.Release|iPhoneSimulator.Build.0 = Release|Any CPU
		{22291F87-4CE8-45FF-BFEE-1B1739FBF371}.Release|iPhoneSimulator.Deploy.0 = Release|Any CPU
		{22291F87-4CE8-45FF-BFEE-1B1739FBF371}.Release|x64.ActiveCfg = Release|Any CPU
		{22291F87-4CE8-45FF-BFEE-1B1739FBF371}.Release|x64.Build.0 = Release|Any CPU
		{22291F87-4CE8-45FF-BFEE-1B1739FBF371}.Release|x64.Deploy.0 = Release|Any CPU
		{22291F87-4CE8-45FF-BFEE-1B1739FBF371}.Release|x86.ActiveCfg = Release|Any CPU
		{22291F87-4CE8-45FF-BFEE-1B1739FBF371}.Release|x86.Build.0 = Release|Any CPU
		{22291F87-4CE8-45FF-BFEE-1B1739FBF371}.Release|x86.Deploy.0 = Release|Any CPU
		{0861C1BC-85FE-49DB-AE65-497E15E8E8C3}.Ad-Hoc|Any CPU.ActiveCfg = Release|Any CPU
		{0861C1BC-85FE-49DB-AE65-497E15E8E8C3}.Ad-Hoc|Any CPU.Build.0 = Release|Any CPU
		{0861C1BC-85FE-49DB-AE65-497E15E8E8C3}.Ad-Hoc|ARM.ActiveCfg = Release|Any CPU
		{0861C1BC-85FE-49DB-AE65-497E15E8E8C3}.Ad-Hoc|ARM.Build.0 = Release|Any CPU
		{0861C1BC-85FE-49DB-AE65-497E15E8E8C3}.Ad-Hoc|iPhone.ActiveCfg = Release|Any CPU
		{0861C1BC-85FE-49DB-AE65-497E15E8E8C3}.Ad-Hoc|iPhone.Build.0 = Release|Any CPU
		{0861C1BC-85FE-49DB-AE65-497E15E8E8C3}.Ad-Hoc|iPhoneSimulator.ActiveCfg = Release|Any CPU
		{0861C1BC-85FE-49DB-AE65-497E15E8E8C3}.Ad-Hoc|iPhoneSimulator.Build.0 = Release|Any CPU
		{0861C1BC-85FE-49DB-AE65-497E15E8E8C3}.Ad-Hoc|x64.ActiveCfg = Release|Any CPU
		{0861C1BC-85FE-49DB-AE65-497E15E8E8C3}.Ad-Hoc|x64.Build.0 = Release|Any CPU
		{0861C1BC-85FE-49DB-AE65-497E15E8E8C3}.Ad-Hoc|x86.ActiveCfg = Release|Any CPU
		{0861C1BC-85FE-49DB-AE65-497E15E8E8C3}.Ad-Hoc|x86.Build.0 = Release|Any CPU
		{0861C1BC-85FE-49DB-AE65-497E15E8E8C3}.AppStore|Any CPU.ActiveCfg = Release|Any CPU
		{0861C1BC-85FE-49DB-AE65-497E15E8E8C3}.AppStore|Any CPU.Build.0 = Release|Any CPU
		{0861C1BC-85FE-49DB-AE65-497E15E8E8C3}.AppStore|ARM.ActiveCfg = Release|Any CPU
		{0861C1BC-85FE-49DB-AE65-497E15E8E8C3}.AppStore|ARM.Build.0 = Release|Any CPU
		{0861C1BC-85FE-49DB-AE65-497E15E8E8C3}.AppStore|iPhone.ActiveCfg = Release|Any CPU
		{0861C1BC-85FE-49DB-AE65-497E15E8E8C3}.AppStore|iPhone.Build.0 = Release|Any CPU
		{0861C1BC-85FE-49DB-AE65-497E15E8E8C3}.AppStore|iPhoneSimulator.ActiveCfg = Release|Any CPU
		{0861C1BC-85FE-49DB-AE65-497E15E8E8C3}.AppStore|iPhoneSimulator.Build.0 = Release|Any CPU
		{0861C1BC-85FE-49DB-AE65-497E15E8E8C3}.AppStore|x64.ActiveCfg = Release|Any CPU
		{0861C1BC-85FE-49DB-AE65-497E15E8E8C3}.AppStore|x64.Build.0 = Release|Any CPU
		{0861C1BC-85FE-49DB-AE65-497E15E8E8C3}.AppStore|x86.ActiveCfg = Release|Any CPU
		{0861C1BC-85FE-49DB-AE65-497E15E8E8C3}.AppStore|x86.Build.0 = Release|Any CPU
		{0861C1BC-85FE-49DB-AE65-497E15E8E8C3}.Debug|Any CPU.ActiveCfg = Debug|Any CPU
		{0861C1BC-85FE-49DB-AE65-497E15E8E8C3}.Debug|Any CPU.Build.0 = Debug|Any CPU
		{0861C1BC-85FE-49DB-AE65-497E15E8E8C3}.Debug|ARM.ActiveCfg = Debug|Any CPU
		{0861C1BC-85FE-49DB-AE65-497E15E8E8C3}.Debug|ARM.Build.0 = Debug|Any CPU
		{0861C1BC-85FE-49DB-AE65-497E15E8E8C3}.Debug|iPhone.ActiveCfg = Debug|Any CPU
		{0861C1BC-85FE-49DB-AE65-497E15E8E8C3}.Debug|iPhone.Build.0 = Debug|Any CPU
		{0861C1BC-85FE-49DB-AE65-497E15E8E8C3}.Debug|iPhoneSimulator.ActiveCfg = Debug|Any CPU
		{0861C1BC-85FE-49DB-AE65-497E15E8E8C3}.Debug|iPhoneSimulator.Build.0 = Debug|Any CPU
		{0861C1BC-85FE-49DB-AE65-497E15E8E8C3}.Debug|x64.ActiveCfg = Debug|Any CPU
		{0861C1BC-85FE-49DB-AE65-497E15E8E8C3}.Debug|x64.Build.0 = Debug|Any CPU
		{0861C1BC-85FE-49DB-AE65-497E15E8E8C3}.Debug|x86.ActiveCfg = Debug|Any CPU
		{0861C1BC-85FE-49DB-AE65-497E15E8E8C3}.Debug|x86.Build.0 = Debug|Any CPU
		{0861C1BC-85FE-49DB-AE65-497E15E8E8C3}.Release|Any CPU.ActiveCfg = Release|Any CPU
		{0861C1BC-85FE-49DB-AE65-497E15E8E8C3}.Release|Any CPU.Build.0 = Release|Any CPU
		{0861C1BC-85FE-49DB-AE65-497E15E8E8C3}.Release|ARM.ActiveCfg = Release|Any CPU
		{0861C1BC-85FE-49DB-AE65-497E15E8E8C3}.Release|ARM.Build.0 = Release|Any CPU
		{0861C1BC-85FE-49DB-AE65-497E15E8E8C3}.Release|iPhone.ActiveCfg = Release|Any CPU
		{0861C1BC-85FE-49DB-AE65-497E15E8E8C3}.Release|iPhone.Build.0 = Release|Any CPU
		{0861C1BC-85FE-49DB-AE65-497E15E8E8C3}.Release|iPhoneSimulator.ActiveCfg = Release|Any CPU
		{0861C1BC-85FE-49DB-AE65-497E15E8E8C3}.Release|iPhoneSimulator.Build.0 = Release|Any CPU
		{0861C1BC-85FE-49DB-AE65-497E15E8E8C3}.Release|x64.ActiveCfg = Release|Any CPU
		{0861C1BC-85FE-49DB-AE65-497E15E8E8C3}.Release|x64.Build.0 = Release|Any CPU
		{0861C1BC-85FE-49DB-AE65-497E15E8E8C3}.Release|x86.ActiveCfg = Release|Any CPU
		{0861C1BC-85FE-49DB-AE65-497E15E8E8C3}.Release|x86.Build.0 = Release|Any CPU
		{2EF97538-A4EF-45D9-BFE1-D44A187373D1}.Ad-Hoc|Any CPU.ActiveCfg = Release|Any CPU
		{2EF97538-A4EF-45D9-BFE1-D44A187373D1}.Ad-Hoc|Any CPU.Build.0 = Release|Any CPU
		{2EF97538-A4EF-45D9-BFE1-D44A187373D1}.Ad-Hoc|ARM.ActiveCfg = Release|Any CPU
		{2EF97538-A4EF-45D9-BFE1-D44A187373D1}.Ad-Hoc|ARM.Build.0 = Release|Any CPU
		{2EF97538-A4EF-45D9-BFE1-D44A187373D1}.Ad-Hoc|iPhone.ActiveCfg = Release|Any CPU
		{2EF97538-A4EF-45D9-BFE1-D44A187373D1}.Ad-Hoc|iPhone.Build.0 = Release|Any CPU
		{2EF97538-A4EF-45D9-BFE1-D44A187373D1}.Ad-Hoc|iPhoneSimulator.ActiveCfg = Release|Any CPU
		{2EF97538-A4EF-45D9-BFE1-D44A187373D1}.Ad-Hoc|iPhoneSimulator.Build.0 = Release|Any CPU
		{2EF97538-A4EF-45D9-BFE1-D44A187373D1}.Ad-Hoc|x64.ActiveCfg = Release|Any CPU
		{2EF97538-A4EF-45D9-BFE1-D44A187373D1}.Ad-Hoc|x64.Build.0 = Release|Any CPU
		{2EF97538-A4EF-45D9-BFE1-D44A187373D1}.Ad-Hoc|x86.ActiveCfg = Release|Any CPU
		{2EF97538-A4EF-45D9-BFE1-D44A187373D1}.Ad-Hoc|x86.Build.0 = Release|Any CPU
		{2EF97538-A4EF-45D9-BFE1-D44A187373D1}.AppStore|Any CPU.ActiveCfg = Release|Any CPU
		{2EF97538-A4EF-45D9-BFE1-D44A187373D1}.AppStore|Any CPU.Build.0 = Release|Any CPU
		{2EF97538-A4EF-45D9-BFE1-D44A187373D1}.AppStore|ARM.ActiveCfg = Release|Any CPU
		{2EF97538-A4EF-45D9-BFE1-D44A187373D1}.AppStore|ARM.Build.0 = Release|Any CPU
		{2EF97538-A4EF-45D9-BFE1-D44A187373D1}.AppStore|iPhone.ActiveCfg = Release|Any CPU
		{2EF97538-A4EF-45D9-BFE1-D44A187373D1}.AppStore|iPhone.Build.0 = Release|Any CPU
		{2EF97538-A4EF-45D9-BFE1-D44A187373D1}.AppStore|iPhoneSimulator.ActiveCfg = Release|Any CPU
		{2EF97538-A4EF-45D9-BFE1-D44A187373D1}.AppStore|iPhoneSimulator.Build.0 = Release|Any CPU
		{2EF97538-A4EF-45D9-BFE1-D44A187373D1}.AppStore|x64.ActiveCfg = Release|Any CPU
		{2EF97538-A4EF-45D9-BFE1-D44A187373D1}.AppStore|x64.Build.0 = Release|Any CPU
		{2EF97538-A4EF-45D9-BFE1-D44A187373D1}.AppStore|x86.ActiveCfg = Release|Any CPU
		{2EF97538-A4EF-45D9-BFE1-D44A187373D1}.AppStore|x86.Build.0 = Release|Any CPU
		{2EF97538-A4EF-45D9-BFE1-D44A187373D1}.Debug|Any CPU.ActiveCfg = Debug|Any CPU
		{2EF97538-A4EF-45D9-BFE1-D44A187373D1}.Debug|Any CPU.Build.0 = Debug|Any CPU
		{2EF97538-A4EF-45D9-BFE1-D44A187373D1}.Debug|ARM.ActiveCfg = Debug|Any CPU
		{2EF97538-A4EF-45D9-BFE1-D44A187373D1}.Debug|ARM.Build.0 = Debug|Any CPU
		{2EF97538-A4EF-45D9-BFE1-D44A187373D1}.Debug|iPhone.ActiveCfg = Debug|Any CPU
		{2EF97538-A4EF-45D9-BFE1-D44A187373D1}.Debug|iPhone.Build.0 = Debug|Any CPU
		{2EF97538-A4EF-45D9-BFE1-D44A187373D1}.Debug|iPhoneSimulator.ActiveCfg = Debug|Any CPU
		{2EF97538-A4EF-45D9-BFE1-D44A187373D1}.Debug|iPhoneSimulator.Build.0 = Debug|Any CPU
		{2EF97538-A4EF-45D9-BFE1-D44A187373D1}.Debug|x64.ActiveCfg = Debug|Any CPU
		{2EF97538-A4EF-45D9-BFE1-D44A187373D1}.Debug|x64.Build.0 = Debug|Any CPU
		{2EF97538-A4EF-45D9-BFE1-D44A187373D1}.Debug|x86.ActiveCfg = Debug|Any CPU
		{2EF97538-A4EF-45D9-BFE1-D44A187373D1}.Debug|x86.Build.0 = Debug|Any CPU
		{2EF97538-A4EF-45D9-BFE1-D44A187373D1}.Release|Any CPU.ActiveCfg = Release|Any CPU
		{2EF97538-A4EF-45D9-BFE1-D44A187373D1}.Release|Any CPU.Build.0 = Release|Any CPU
		{2EF97538-A4EF-45D9-BFE1-D44A187373D1}.Release|ARM.ActiveCfg = Release|Any CPU
		{2EF97538-A4EF-45D9-BFE1-D44A187373D1}.Release|ARM.Build.0 = Release|Any CPU
		{2EF97538-A4EF-45D9-BFE1-D44A187373D1}.Release|iPhone.ActiveCfg = Release|Any CPU
		{2EF97538-A4EF-45D9-BFE1-D44A187373D1}.Release|iPhone.Build.0 = Release|Any CPU
		{2EF97538-A4EF-45D9-BFE1-D44A187373D1}.Release|iPhoneSimulator.ActiveCfg = Release|Any CPU
		{2EF97538-A4EF-45D9-BFE1-D44A187373D1}.Release|iPhoneSimulator.Build.0 = Release|Any CPU
		{2EF97538-A4EF-45D9-BFE1-D44A187373D1}.Release|x64.ActiveCfg = Release|Any CPU
		{2EF97538-A4EF-45D9-BFE1-D44A187373D1}.Release|x64.Build.0 = Release|Any CPU
		{2EF97538-A4EF-45D9-BFE1-D44A187373D1}.Release|x86.ActiveCfg = Release|Any CPU
		{2EF97538-A4EF-45D9-BFE1-D44A187373D1}.Release|x86.Build.0 = Release|Any CPU
		{8FAF46F8-D944-4309-B918-AABAE82E00C0}.Ad-Hoc|Any CPU.ActiveCfg = Release|Any CPU
		{8FAF46F8-D944-4309-B918-AABAE82E00C0}.Ad-Hoc|Any CPU.Build.0 = Release|Any CPU
		{8FAF46F8-D944-4309-B918-AABAE82E00C0}.Ad-Hoc|ARM.ActiveCfg = Release|Any CPU
		{8FAF46F8-D944-4309-B918-AABAE82E00C0}.Ad-Hoc|ARM.Build.0 = Release|Any CPU
		{8FAF46F8-D944-4309-B918-AABAE82E00C0}.Ad-Hoc|iPhone.ActiveCfg = Release|Any CPU
		{8FAF46F8-D944-4309-B918-AABAE82E00C0}.Ad-Hoc|iPhone.Build.0 = Release|Any CPU
		{8FAF46F8-D944-4309-B918-AABAE82E00C0}.Ad-Hoc|iPhoneSimulator.ActiveCfg = Release|Any CPU
		{8FAF46F8-D944-4309-B918-AABAE82E00C0}.Ad-Hoc|iPhoneSimulator.Build.0 = Release|Any CPU
		{8FAF46F8-D944-4309-B918-AABAE82E00C0}.Ad-Hoc|x64.ActiveCfg = Release|Any CPU
		{8FAF46F8-D944-4309-B918-AABAE82E00C0}.Ad-Hoc|x64.Build.0 = Release|Any CPU
		{8FAF46F8-D944-4309-B918-AABAE82E00C0}.Ad-Hoc|x86.ActiveCfg = Release|Any CPU
		{8FAF46F8-D944-4309-B918-AABAE82E00C0}.Ad-Hoc|x86.Build.0 = Release|Any CPU
		{8FAF46F8-D944-4309-B918-AABAE82E00C0}.AppStore|Any CPU.ActiveCfg = Release|Any CPU
		{8FAF46F8-D944-4309-B918-AABAE82E00C0}.AppStore|Any CPU.Build.0 = Release|Any CPU
		{8FAF46F8-D944-4309-B918-AABAE82E00C0}.AppStore|ARM.ActiveCfg = Release|Any CPU
		{8FAF46F8-D944-4309-B918-AABAE82E00C0}.AppStore|ARM.Build.0 = Release|Any CPU
		{8FAF46F8-D944-4309-B918-AABAE82E00C0}.AppStore|iPhone.ActiveCfg = Release|Any CPU
		{8FAF46F8-D944-4309-B918-AABAE82E00C0}.AppStore|iPhone.Build.0 = Release|Any CPU
		{8FAF46F8-D944-4309-B918-AABAE82E00C0}.AppStore|iPhoneSimulator.ActiveCfg = Release|Any CPU
		{8FAF46F8-D944-4309-B918-AABAE82E00C0}.AppStore|iPhoneSimulator.Build.0 = Release|Any CPU
		{8FAF46F8-D944-4309-B918-AABAE82E00C0}.AppStore|x64.ActiveCfg = Release|Any CPU
		{8FAF46F8-D944-4309-B918-AABAE82E00C0}.AppStore|x64.Build.0 = Release|Any CPU
		{8FAF46F8-D944-4309-B918-AABAE82E00C0}.AppStore|x86.ActiveCfg = Release|Any CPU
		{8FAF46F8-D944-4309-B918-AABAE82E00C0}.AppStore|x86.Build.0 = Release|Any CPU
		{8FAF46F8-D944-4309-B918-AABAE82E00C0}.Debug|Any CPU.ActiveCfg = Debug|Any CPU
		{8FAF46F8-D944-4309-B918-AABAE82E00C0}.Debug|Any CPU.Build.0 = Debug|Any CPU
		{8FAF46F8-D944-4309-B918-AABAE82E00C0}.Debug|ARM.ActiveCfg = Debug|Any CPU
		{8FAF46F8-D944-4309-B918-AABAE82E00C0}.Debug|ARM.Build.0 = Debug|Any CPU
		{8FAF46F8-D944-4309-B918-AABAE82E00C0}.Debug|iPhone.ActiveCfg = Debug|Any CPU
		{8FAF46F8-D944-4309-B918-AABAE82E00C0}.Debug|iPhone.Build.0 = Debug|Any CPU
		{8FAF46F8-D944-4309-B918-AABAE82E00C0}.Debug|iPhoneSimulator.ActiveCfg = Debug|Any CPU
		{8FAF46F8-D944-4309-B918-AABAE82E00C0}.Debug|iPhoneSimulator.Build.0 = Debug|Any CPU
		{8FAF46F8-D944-4309-B918-AABAE82E00C0}.Debug|x64.ActiveCfg = Debug|Any CPU
		{8FAF46F8-D944-4309-B918-AABAE82E00C0}.Debug|x64.Build.0 = Debug|Any CPU
		{8FAF46F8-D944-4309-B918-AABAE82E00C0}.Debug|x86.ActiveCfg = Debug|Any CPU
		{8FAF46F8-D944-4309-B918-AABAE82E00C0}.Debug|x86.Build.0 = Debug|Any CPU
		{8FAF46F8-D944-4309-B918-AABAE82E00C0}.Release|Any CPU.ActiveCfg = Release|Any CPU
		{8FAF46F8-D944-4309-B918-AABAE82E00C0}.Release|Any CPU.Build.0 = Release|Any CPU
		{8FAF46F8-D944-4309-B918-AABAE82E00C0}.Release|ARM.ActiveCfg = Release|Any CPU
		{8FAF46F8-D944-4309-B918-AABAE82E00C0}.Release|ARM.Build.0 = Release|Any CPU
		{8FAF46F8-D944-4309-B918-AABAE82E00C0}.Release|iPhone.ActiveCfg = Release|Any CPU
		{8FAF46F8-D944-4309-B918-AABAE82E00C0}.Release|iPhone.Build.0 = Release|Any CPU
		{8FAF46F8-D944-4309-B918-AABAE82E00C0}.Release|iPhoneSimulator.ActiveCfg = Release|Any CPU
		{8FAF46F8-D944-4309-B918-AABAE82E00C0}.Release|iPhoneSimulator.Build.0 = Release|Any CPU
		{8FAF46F8-D944-4309-B918-AABAE82E00C0}.Release|x64.ActiveCfg = Release|Any CPU
		{8FAF46F8-D944-4309-B918-AABAE82E00C0}.Release|x64.Build.0 = Release|Any CPU
		{8FAF46F8-D944-4309-B918-AABAE82E00C0}.Release|x86.ActiveCfg = Release|Any CPU
		{8FAF46F8-D944-4309-B918-AABAE82E00C0}.Release|x86.Build.0 = Release|Any CPU
		{BF0569D0-E39C-4310-B711-AA96801F2B5F}.Ad-Hoc|Any CPU.ActiveCfg = Release|Any CPU
		{BF0569D0-E39C-4310-B711-AA96801F2B5F}.Ad-Hoc|Any CPU.Build.0 = Release|Any CPU
		{BF0569D0-E39C-4310-B711-AA96801F2B5F}.Ad-Hoc|ARM.ActiveCfg = Release|Any CPU
		{BF0569D0-E39C-4310-B711-AA96801F2B5F}.Ad-Hoc|ARM.Build.0 = Release|Any CPU
		{BF0569D0-E39C-4310-B711-AA96801F2B5F}.Ad-Hoc|iPhone.ActiveCfg = Release|Any CPU
		{BF0569D0-E39C-4310-B711-AA96801F2B5F}.Ad-Hoc|iPhone.Build.0 = Release|Any CPU
		{BF0569D0-E39C-4310-B711-AA96801F2B5F}.Ad-Hoc|iPhoneSimulator.ActiveCfg = Release|Any CPU
		{BF0569D0-E39C-4310-B711-AA96801F2B5F}.Ad-Hoc|iPhoneSimulator.Build.0 = Release|Any CPU
		{BF0569D0-E39C-4310-B711-AA96801F2B5F}.Ad-Hoc|x64.ActiveCfg = Release|Any CPU
		{BF0569D0-E39C-4310-B711-AA96801F2B5F}.Ad-Hoc|x64.Build.0 = Release|Any CPU
		{BF0569D0-E39C-4310-B711-AA96801F2B5F}.Ad-Hoc|x86.ActiveCfg = Release|Any CPU
		{BF0569D0-E39C-4310-B711-AA96801F2B5F}.Ad-Hoc|x86.Build.0 = Release|Any CPU
		{BF0569D0-E39C-4310-B711-AA96801F2B5F}.AppStore|Any CPU.ActiveCfg = Release|Any CPU
		{BF0569D0-E39C-4310-B711-AA96801F2B5F}.AppStore|Any CPU.Build.0 = Release|Any CPU
		{BF0569D0-E39C-4310-B711-AA96801F2B5F}.AppStore|ARM.ActiveCfg = Release|Any CPU
		{BF0569D0-E39C-4310-B711-AA96801F2B5F}.AppStore|ARM.Build.0 = Release|Any CPU
		{BF0569D0-E39C-4310-B711-AA96801F2B5F}.AppStore|iPhone.ActiveCfg = Release|Any CPU
		{BF0569D0-E39C-4310-B711-AA96801F2B5F}.AppStore|iPhone.Build.0 = Release|Any CPU
		{BF0569D0-E39C-4310-B711-AA96801F2B5F}.AppStore|iPhoneSimulator.ActiveCfg = Release|Any CPU
		{BF0569D0-E39C-4310-B711-AA96801F2B5F}.AppStore|iPhoneSimulator.Build.0 = Release|Any CPU
		{BF0569D0-E39C-4310-B711-AA96801F2B5F}.AppStore|x64.ActiveCfg = Release|Any CPU
		{BF0569D0-E39C-4310-B711-AA96801F2B5F}.AppStore|x64.Build.0 = Release|Any CPU
		{BF0569D0-E39C-4310-B711-AA96801F2B5F}.AppStore|x86.ActiveCfg = Release|Any CPU
		{BF0569D0-E39C-4310-B711-AA96801F2B5F}.AppStore|x86.Build.0 = Release|Any CPU
		{BF0569D0-E39C-4310-B711-AA96801F2B5F}.Debug|Any CPU.ActiveCfg = Debug|Any CPU
		{BF0569D0-E39C-4310-B711-AA96801F2B5F}.Debug|Any CPU.Build.0 = Debug|Any CPU
		{BF0569D0-E39C-4310-B711-AA96801F2B5F}.Debug|ARM.ActiveCfg = Debug|Any CPU
		{BF0569D0-E39C-4310-B711-AA96801F2B5F}.Debug|ARM.Build.0 = Debug|Any CPU
		{BF0569D0-E39C-4310-B711-AA96801F2B5F}.Debug|iPhone.ActiveCfg = Debug|Any CPU
		{BF0569D0-E39C-4310-B711-AA96801F2B5F}.Debug|iPhone.Build.0 = Debug|Any CPU
		{BF0569D0-E39C-4310-B711-AA96801F2B5F}.Debug|iPhoneSimulator.ActiveCfg = Debug|Any CPU
		{BF0569D0-E39C-4310-B711-AA96801F2B5F}.Debug|iPhoneSimulator.Build.0 = Debug|Any CPU
		{BF0569D0-E39C-4310-B711-AA96801F2B5F}.Debug|x64.ActiveCfg = Debug|Any CPU
		{BF0569D0-E39C-4310-B711-AA96801F2B5F}.Debug|x64.Build.0 = Debug|Any CPU
		{BF0569D0-E39C-4310-B711-AA96801F2B5F}.Debug|x86.ActiveCfg = Debug|Any CPU
		{BF0569D0-E39C-4310-B711-AA96801F2B5F}.Debug|x86.Build.0 = Debug|Any CPU
		{BF0569D0-E39C-4310-B711-AA96801F2B5F}.Release|Any CPU.ActiveCfg = Release|Any CPU
		{BF0569D0-E39C-4310-B711-AA96801F2B5F}.Release|Any CPU.Build.0 = Release|Any CPU
		{BF0569D0-E39C-4310-B711-AA96801F2B5F}.Release|ARM.ActiveCfg = Release|Any CPU
		{BF0569D0-E39C-4310-B711-AA96801F2B5F}.Release|ARM.Build.0 = Release|Any CPU
		{BF0569D0-E39C-4310-B711-AA96801F2B5F}.Release|iPhone.ActiveCfg = Release|Any CPU
		{BF0569D0-E39C-4310-B711-AA96801F2B5F}.Release|iPhone.Build.0 = Release|Any CPU
		{BF0569D0-E39C-4310-B711-AA96801F2B5F}.Release|iPhoneSimulator.ActiveCfg = Release|Any CPU
		{BF0569D0-E39C-4310-B711-AA96801F2B5F}.Release|iPhoneSimulator.Build.0 = Release|Any CPU
		{BF0569D0-E39C-4310-B711-AA96801F2B5F}.Release|x64.ActiveCfg = Release|Any CPU
		{BF0569D0-E39C-4310-B711-AA96801F2B5F}.Release|x64.Build.0 = Release|Any CPU
		{BF0569D0-E39C-4310-B711-AA96801F2B5F}.Release|x86.ActiveCfg = Release|Any CPU
		{BF0569D0-E39C-4310-B711-AA96801F2B5F}.Release|x86.Build.0 = Release|Any CPU
	EndGlobalSection
	GlobalSection(SolutionProperties) = preSolution
		HideSolutionNode = FALSE
	EndGlobalSection
	GlobalSection(ExtensibilityGlobals) = postSolution
		SolutionGuid = {249B3085-CA19-49BE-A0E0-D88AD53DBA16}
	EndGlobalSection
EndGlobal
